
Microsoft Visual Studio Solution File, Format Version 12.00
# Visual Studio Version 16
VisualStudioVersion = 16.0.31624.102
MinimumVisualStudioVersion = 10.0.40219.1
Project("{FAE04EC0-301F-11D3-BF4B-00C04F79EFBC}") = "TODO List", "TODO List\TODO List.csproj", "{DF108041-2A45-47B7-958A-534ED48A47E6}"
EndProject
Global
	GlobalSection(SolutionConfigurationPlatforms) = preSolution
		Debug|Any CPU = Debug|Any CPU
		Release|Any CPU = Release|Any CPU
	EndGlobalSection
	GlobalSection(ProjectConfigurationPlatforms) = postSolution
		{DF108041-2A45-47B7-958A-534ED48A47E6}.Debug|Any CPU.ActiveCfg = Debug|Any CPU
		{DF108041-2A45-47B7-958A-534ED48A47E6}.Debug|Any CPU.Build.0 = Debug|Any CPU
		{DF108041-2A45-47B7-958A-534ED48A47E6}.Release|Any CPU.ActiveCfg = Release|Any CPU
		{DF108041-2A45-47B7-958A-534ED48A47E6}.Release|Any CPU.Build.0 = Release|Any CPU
	EndGlobalSection
	GlobalSection(SolutionProperties) = preSolution
		HideSolutionNode = FALSE
	EndGlobalSection
	GlobalSection(ExtensibilityGlobals) = postSolution
		SolutionGuid = {394D1556-6B7B-4DF5-A636-D4F43805D881}
	EndGlobalSection
EndGlobal
